// !$*UTF8*$!
{
	archiveVersion = 1;
	classes = {
	};
	objectVersion = 46;
	objects = {

/* Begin PBXBuildFile section */
		431E7C601FE6BBE300C1566F /* main.swift in Sources */ = {isa = PBXBuildFile; fileRef = 431E7C5F1FE6BBE300C1566F /* main.swift */; };
		431E7C6F1FE6BC1700C1566F /* bubbleSort.swift in Sources */ = {isa = PBXBuildFile; fileRef = 431E7C661FE6BC1700C1566F /* bubbleSort.swift */; };
		431E7C701FE6BC1700C1566F /* fibo.swift in Sources */ = {isa = PBXBuildFile; fileRef = 431E7C671FE6BC1700C1566F /* fibo.swift */; };
		431E7C711FE6BC1700C1566F /* heapSort.swift in Sources */ = {isa = PBXBuildFile; fileRef = 431E7C681FE6BC1700C1566F /* heapSort.swift */; };
		431E7C721FE6BC1700C1566F /* insertionSort.swift in Sources */ = {isa = PBXBuildFile; fileRef = 431E7C691FE6BC1700C1566F /* insertionSort.swift */; };
		431E7C731FE6BC1700C1566F /* mergeSort.swift in Sources */ = {isa = PBXBuildFile; fileRef = 431E7C6A1FE6BC1700C1566F /* mergeSort.swift */; };
		431E7C741FE6BC1700C1566F /* quickSort.swift in Sources */ = {isa = PBXBuildFile; fileRef = 431E7C6B1FE6BC1700C1566F /* quickSort.swift */; };
		431E7C751FE6BC1700C1566F /* selectionSort.swift in Sources */ = {isa = PBXBuildFile; fileRef = 431E7C6C1FE6BC1700C1566F /* selectionSort.swift */; };
		431E7C761FE6BC1700C1566F /* shellSort.swift in Sources */ = {isa = PBXBuildFile; fileRef = 431E7C6D1FE6BC1700C1566F /* shellSort.swift */; };
		431E7C771FE6BC1700C1566F /* yanghui.swift in Sources */ = {isa = PBXBuildFile; fileRef = 431E7C6E1FE6BC1700C1566F /* yanghui.swift */; };
/* End PBXBuildFile section */

/* Begin PBXCopyFilesBuildPhase section */
		431E7C5A1FE6BBE300C1566F /* CopyFiles */ = {
			isa = PBXCopyFilesBuildPhase;
			buildActionMask = 2147483647;
			dstPath = /usr/share/man/man1/;
			dstSubfolderSpec = 0;
			files = (
			);
			runOnlyForDeploymentPostprocessing = 1;
		};
/* End PBXCopyFilesBuildPhase section */

/* Begin PBXFileReference section */
		431E7C5C1FE6BBE300C1566F /* Algorithm */ = {isa = PBXFileReference; explicitFileType = "compiled.mach-o.executable"; includeInIndex = 0; path = Algorithm; sourceTree = BUILT_PRODUCTS_DIR; };
		431E7C5F1FE6BBE300C1566F /* main.swift */ = {isa = PBXFileReference; lastKnownFileType = sourcecode.swift; path = main.swift; sourceTree = "<group>"; };
		431E7C661FE6BC1700C1566F /* bubbleSort.swift */ = {isa = PBXFileReference; fileEncoding = 4; lastKnownFileType = sourcecode.swift; path = bubbleSort.swift; sourceTree = "<group>"; };
		431E7C671FE6BC1700C1566F /* fibo.swift */ = {isa = PBXFileReference; fileEncoding = 4; lastKnownFileType = sourcecode.swift; path = fibo.swift; sourceTree = "<group>"; };
		431E7C681FE6BC1700C1566F /* heapSort.swift */ = {isa = PBXFileReference; fileEncoding = 4; lastKnownFileType = sourcecode.swift; path = heapSort.swift; sourceTree = "<group>"; };
		431E7C691FE6BC1700C1566F /* insertionSort.swift */ = {isa = PBXFileReference; fileEncoding = 4; lastKnownFileType = sourcecode.swift; path = insertionSort.swift; sourceTree = "<group>"; };
		431E7C6A1FE6BC1700C1566F /* mergeSort.swift */ = {isa = PBXFileReference; fileEncoding = 4; lastKnownFileType = sourcecode.swift; path = mergeSort.swift; sourceTree = "<group>"; };
		431E7C6B1FE6BC1700C1566F /* quickSort.swift */ = {isa = PBXFileReference; fileEncoding = 4; lastKnownFileType = sourcecode.swift; path = quickSort.swift; sourceTree = "<group>"; };
		431E7C6C1FE6BC1700C1566F /* selectionSort.swift */ = {isa = PBXFileReference; fileEncoding = 4; lastKnownFileType = sourcecode.swift; path = selectionSort.swift; sourceTree = "<group>"; };
		431E7C6D1FE6BC1700C1566F /* shellSort.swift */ = {isa = PBXFileReference; fileEncoding = 4; lastKnownFileType = sourcecode.swift; path = shellSort.swift; sourceTree = "<group>"; };
		431E7C6E1FE6BC1700C1566F /* yanghui.swift */ = {isa = PBXFileReference; fileEncoding = 4; lastKnownFileType = sourcecode.swift; path = yanghui.swift; sourceTree = "<group>"; };
/* End PBXFileReference section */

/* Begin PBXFrameworksBuildPhase section */
		431E7C591FE6BBE300C1566F /* Frameworks */ = {
			isa = PBXFrameworksBuildPhase;
			buildActionMask = 2147483647;
			files = (
			);
			runOnlyForDeploymentPostprocessing = 0;
		};
/* End PBXFrameworksBuildPhase section */

/* Begin PBXGroup section */
		431E7C531FE6BBE300C1566F = {
			isa = PBXGroup;
			children = (
				431E7C5E1FE6BBE300C1566F /* Algorithm */,
				431E7C5D1FE6BBE300C1566F /* Products */,
			);
			sourceTree = "<group>";
		};
		431E7C5D1FE6BBE300C1566F /* Products */ = {
			isa = PBXGroup;
			children = (
				431E7C5C1FE6BBE300C1566F /* Algorithm */,
			);
			name = Products;
			sourceTree = "<group>";
		};
		431E7C5E1FE6BBE300C1566F /* Algorithm */ = {
			isa = PBXGroup;
			children = (
				431E7C5F1FE6BBE300C1566F /* main.swift */,
				431E7C661FE6BC1700C1566F /* bubbleSort.swift */,
				431E7C671FE6BC1700C1566F /* fibo.swift */,
				431E7C681FE6BC1700C1566F /* heapSort.swift */,
				431E7C691FE6BC1700C1566F /* insertionSort.swift */,
				431E7C6A1FE6BC1700C1566F /* mergeSort.swift */,
				431E7C6B1FE6BC1700C1566F /* quickSort.swift */,
				431E7C6C1FE6BC1700C1566F /* selectionSort.swift */,
				431E7C6D1FE6BC1700C1566F /* shellSort.swift */,
				431E7C6E1FE6BC1700C1566F /* yanghui.swift */,
			);
			path = Algorithm;
			sourceTree = "<group>";
		};
/* End PBXGroup section */

/* Begin PBXNativeTarget section */
		431E7C5B1FE6BBE300C1566F /* Algorithm */ = {
			isa = PBXNativeTarget;
			buildConfigurationList = 431E7C631FE6BBE300C1566F /* Build configuration list for PBXNativeTarget "Algorithm" */;
			buildPhases = (
				431E7C581FE6BBE300C1566F /* Sources */,
				431E7C591FE6BBE300C1566F /* Frameworks */,
				431E7C5A1FE6BBE300C1566F /* CopyFiles */,
			);
			buildRules = (
			);
			dependencies = (
			);
			name = Algorithm;
			productName = Algorithm;
			productReference = 431E7C5C1FE6BBE300C1566F /* Algorithm */;
			productType = "com.apple.product-type.tool";
		};
/* End PBXNativeTarget section */

/* Begin PBXProject section */
		431E7C541FE6BBE300C1566F /* Project object */ = {
			isa = PBXProject;
			attributes = {
				LastSwiftUpdateCheck = 0830;
				LastUpgradeCheck = 0830;
				ORGANIZATIONNAME = cottonBuddha;
				TargetAttributes = {
					431E7C5B1FE6BBE300C1566F = {
						CreatedOnToolsVersion = 8.3.3;
						ProvisioningStyle = Automatic;
					};
				};
			};
			buildConfigurationList = 431E7C571FE6BBE300C1566F /* Build configuration list for PBXProject "Algorithm" */;
			compatibilityVersion = "Xcode 3.2";
			developmentRegion = English;
			hasScannedForEncodings = 0;
			knownRegions = (
				en,
			);
			mainGroup = 431E7C531FE6BBE300C1566F;
			productRefGroup = 431E7C5D1FE6BBE300C1566F /* Products */;
			projectDirPath = "";
			projectRoot = "";
			targets = (
				431E7C5B1FE6BBE300C1566F /* Algorithm */,
			);
		};
/* End PBXProject section */

/* Begin PBXSourcesBuildPhase section */
		431E7C581FE6BBE300C1566F /* Sources */ = {
			isa = PBXSourcesBuildPhase;
			buildActionMask = 2147483647;
			files = (
				431E7C761FE6BC1700C1566F /* shellSort.swift in Sources */,
				431E7C601FE6BBE300C1566F /* main.swift in Sources */,
				431E7C741FE6BC1700C1566F /* quickSort.swift in Sources */,
				431E7C771FE6BC1700C1566F /* yanghui.swift in Sources */,
				431E7C6F1FE6BC1700C1566F /* bubbleSort.swift in Sources */,
				431E7C721FE6BC1700C1566F /* insertionSort.swift in Sources */,
				431E7C751FE6BC1700C1566F /* selectionSort.swift in Sources */,
				431E7C701FE6BC1700C1566F /* fibo.swift in Sources */,
				431E7C731FE6BC1700C1566F /* mergeSort.swift in Sources */,
				431E7C711FE6BC1700C1566F /* heapSort.swift in Sources */,
			);
			runOnlyForDeploymentPostprocessing = 0;
		};
/* End PBXSourcesBuildPhase section */

/* Begin XCBuildConfiguration section */
		431E7C611FE6BBE300C1566F /* Debug */ = {
			isa = XCBuildConfiguration;
			buildSettings = {
				ALWAYS_SEARCH_USER_PATHS = NO;
				CLANG_ANALYZER_NONNULL = YES;
				CLANG_ANALYZER_NUMBER_OBJECT_CONVERSION = YES_AGGRESSIVE;
				CLANG_CXX_LANGUAGE_STANDARD = "gnu++0x";
				CLANG_CXX_LIBRARY = "libc++";
				CLANG_ENABLE_MODULES = YES;
				CLANG_ENABLE_OBJC_ARC = YES;
				CLANG_WARN_BOOL_CONVERSION = YES;
				CLANG_WARN_CONSTANT_CONVERSION = YES;
				CLANG_WARN_DIRECT_OBJC_ISA_USAGE = YES_ERROR;
				CLANG_WARN_DOCUMENTATION_COMMENTS = YES;
				CLANG_WARN_EMPTY_BODY = YES;
				CLANG_WARN_ENUM_CONVERSION = YES;
				CLANG_WARN_INFINITE_RECURSION = YES;
				CLANG_WARN_INT_CONVERSION = YES;
				CLANG_WARN_OBJC_ROOT_CLASS = YES_ERROR;
				CLANG_WARN_SUSPICIOUS_MOVE = YES;
				CLANG_WARN_UNREACHABLE_CODE = YES;
				CLANG_WARN__DUPLICATE_METHOD_MATCH = YES;
				CODE_SIGN_IDENTITY = "-";
				COPY_PHASE_STRIP = NO;
				DEBUG_INFORMATION_FORMAT = dwarf;
				ENABLE_STRICT_OBJC_MSGSEND = YES;
				ENABLE_TESTABILITY = YES;
				GCC_C_LANGUAGE_STANDARD = gnu99;
				GCC_DYNAMIC_NO_PIC = NO;
				GCC_NO_COMMON_BLOCKS = YES;
				GCC_OPTIMIZATION_LEVEL = 0;
				GCC_PREPROCESSOR_DEFINITIONS = (
					"DEBUG=1",
					"$(inherited)",
				);
				GCC_WARN_64_TO_32_BIT_CONVERSION = YES;
				GCC_WARN_ABOUT_RETURN_TYPE = YES_ERROR;
				GCC_WARN_UNDECLARED_SELECTOR = YES;
				GCC_WARN_UNINITIALIZED_AUTOS = YES_AGGRESSIVE;
				GCC_WARN_UNUSED_FUNCTION = YES;
				GCC_WARN_UNUSED_VARIABLE = YES;
				MACOSX_DEPLOYMENT_TARGET = 10.12;
				MTL_ENABLE_DEBUG_INFO = YES;
				ONLY_ACTIVE_ARCH = YES;
				SDKROOT = macosx;
				SWIFT_OPTIMIZATION_LEVEL = "-Onone";
			};
			name = Debug;
		};
		431E7C621FE6BBE300C1566F /* Release */ = {
			isa = XCBuildConfiguration;
			buildSettings = {
				ALWAYS_SEARCH_USER_PATHS = NO;
				CLANG_ANALYZER_NONNULL = YES;
				CLANG_ANALYZER_NUMBER_OBJECT_CONVERSION = YES_AGGRESSIVE;
				CLANG_CXX_LANGUAGE_STANDARD = "gnu++0x";
				CLANG_CXX_LIBRARY = "libc++";
				CLANG_ENABLE_MODULES = YES;
				CLANG_ENABLE_OBJC_ARC = YES;
				CLANG_WARN_BOOL_CONVERSION = YES;
				CLANG_WARN_CONSTANT_CONVERSION = YES;
				CLANG_WARN_DIRECT_OBJC_ISA_USAGE = YES_ERROR;
				CLANG_WARN_DOCUMENTATION_COMMENTS = YES;
				CLANG_WARN_EMPTY_BODY = YES;
				CLANG_WARN_ENUM_CONVERSION = YES;
				CLANG_WARN_INFINITE_RECURSION = YES;
				CLANG_WARN_INT_CONVERSION = YES;
				CLANG_WARN_OBJC_ROOT_CLASS = YES_ERROR;
				CLANG_WARN_SUSPICIOUS_MOVE = YES;
				CLANG_WARN_UNREACHABLE_CODE = YES;
				CLANG_WARN__DUPLICATE_METHOD_MATCH = YES;
				CODE_SIGN_IDENTITY = "-";
				COPY_PHASE_STRIP = NO;
				DEBUG_INFORMATION_FORMAT = "dwarf-with-dsym";
				ENABLE_NS_ASSERTIONS = NO;
				ENABLE_STRICT_OBJC_MSGSEND = YES;
				GCC_C_LANGUAGE_STANDARD = gnu99;
				GCC_NO_COMMON_BLOCKS = YES;
				GCC_WARN_64_TO_32_BIT_CONVERSION = YES;
				GCC_WARN_ABOUT_RETURN_TYPE = YES_ERROR;
				GCC_WARN_UNDECLARED_SELECTOR = YES;
				GCC_WARN_UNINITIALIZED_AUTOS = YES_AGGRESSIVE;
				GCC_WARN_UNUSED_FUNCTION = YES;
				GCC_WARN_UNUSED_VARIABLE = YES;
				MACOSX_DEPLOYMENT_TARGET = 10.12;
				MTL_ENABLE_DEBUG_INFO = NO;
				SDKROOT = macosx;
			};
			name = Release;
		};
		431E7C641FE6BBE300C1566F /* Debug */ = {
			isa = XCBuildConfiguration;
			buildSettings = {
				PRODUCT_NAME = "$(TARGET_NAME)";
				SWIFT_VERSION = 3.0;
			};
			name = Debug;
		};
		431E7C651FE6BBE300C1566F /* Release */ = {
			isa = XCBuildConfiguration;
			buildSettings = {
				PRODUCT_NAME = "$(TARGET_NAME)";
				SWIFT_VERSION = 3.0;
			};
			name = Release;
		};
/* End XCBuildConfiguration section */

/* Begin XCConfigurationList section */
		431E7C571FE6BBE300C1566F /* Build configuration list for PBXProject "Algorithm" */ = {
			isa = XCConfigurationList;
			buildConfigurations = (
				431E7C611FE6BBE300C1566F /* Debug */,
				431E7C621FE6BBE300C1566F /* Release */,
			);
			defaultConfigurationIsVisible = 0;
			defaultConfigurationName = Release;
		};
		431E7C631FE6BBE300C1566F /* Build configuration list for PBXNativeTarget "Algorithm" */ = {
			isa = XCConfigurationList;
			buildConfigurations = (
				431E7C641FE6BBE300C1566F /* Debug */,
				431E7C651FE6BBE300C1566F /* Release */,
			);
			defaultConfigurationIsVisible = 0;
		};
/* End XCConfigurationList section */
	};
	rootObject = 431E7C541FE6BBE300C1566F /* Project object */;
}
